
Microsoft Visual Studio Solution File, Format Version 12.00
# Visual Studio Version 16
VisualStudioVersion = 16.0.29424.173
MinimumVisualStudioVersion = 10.0.40219.1
Project("{FAE04EC0-301F-11D3-BF4B-00C04F79EFBC}") = "OandaAPICharting", "OandaAPICharting\OandaAPICharting.csproj", "{6B0F7AF1-2994-49D6-A40D-445DEC30192C}"
EndProject
Global
	GlobalSection(SolutionConfigurationPlatforms) = preSolution
		Debug|Any CPU = Debug|Any CPU
		Release|Any CPU = Release|Any CPU
	EndGlobalSection
	GlobalSection(ProjectConfigurationPlatforms) = postSolution
		{6B0F7AF1-2994-49D6-A40D-445DEC30192C}.Debug|Any CPU.ActiveCfg = Debug|Any CPU
		{6B0F7AF1-2994-49D6-A40D-445DEC30192C}.Debug|Any CPU.Build.0 = Debug|Any CPU
		{6B0F7AF1-2994-49D6-A40D-445DEC30192C}.Release|Any CPU.ActiveCfg = Release|Any CPU
		{6B0F7AF1-2994-49D6-A40D-445DEC30192C}.Release|Any CPU.Build.0 = Release|Any CPU
	EndGlobalSection
	GlobalSection(SolutionProperties) = preSolution
		HideSolutionNode = FALSE
	EndGlobalSection
	GlobalSection(ExtensibilityGlobals) = postSolution
		SolutionGuid = {6E6BCAB3-752D-41DC-AB34-E64712F94174}
	EndGlobalSection
EndGlobal
